// !$*UTF8*$!
{
	archiveVersion = 1;
	classes = {
	};
	objectVersion = 46;
	objects = {

/* Begin PBXBuildFile section */
		E0E88C4D1A4D246400D37FFC /* AppDelegate.swift in Sources */ = {isa = PBXBuildFile; fileRef = E0E88C4C1A4D246400D37FFC /* AppDelegate.swift */; };
		E0E88C4F1A4D246400D37FFC /* ViewController.swift in Sources */ = {isa = PBXBuildFile; fileRef = E0E88C4E1A4D246400D37FFC /* ViewController.swift */; };
		E0E88C521A4D246400D37FFC /* Main.storyboard in Resources */ = {isa = PBXBuildFile; fileRef = E0E88C501A4D246400D37FFC /* Main.storyboard */; };
		E0E88C541A4D246400D37FFC /* Images.xcassets in Resources */ = {isa = PBXBuildFile; fileRef = E0E88C531A4D246400D37FFC /* Images.xcassets */; };
		E0E88C571A4D246400D37FFC /* LaunchScreen.xib in Resources */ = {isa = PBXBuildFile; fileRef = E0E88C551A4D246400D37FFC /* LaunchScreen.xib */; };
		E0E88C631A4D246400D37FFC /* FirstAppTests.swift in Sources */ = {isa = PBXBuildFile; fileRef = E0E88C621A4D246400D37FFC /* FirstAppTests.swift */; };
/* End PBXBuildFile section */

/* Begin PBXContainerItemProxy section */
		E0E88C5D1A4D246400D37FFC /* PBXContainerItemProxy */ = {
			isa = PBXContainerItemProxy;
			containerPortal = E0E88C3F1A4D246400D37FFC /* Project object */;
			proxyType = 1;
			remoteGlobalIDString = E0E88C461A4D246400D37FFC;
			remoteInfo = FirstApp;
		};
/* End PBXContainerItemProxy section */

/* Begin PBXFileReference section */
		E0E88C471A4D246400D37FFC /* FirstApp.app */ = {isa = PBXFileReference; explicitFileType = wrapper.application; includeInIndex = 0; path = FirstApp.app; sourceTree = BUILT_PRODUCTS_DIR; };
		E0E88C4B1A4D246400D37FFC /* Info.plist */ = {isa = PBXFileReference; lastKnownFileType = text.plist.xml; path = Info.plist; sourceTree = "<group>"; };
		E0E88C4C1A4D246400D37FFC /* AppDelegate.swift */ = {isa = PBXFileReference; lastKnownFileType = sourcecode.swift; path = AppDelegate.swift; sourceTree = "<group>"; };
		E0E88C4E1A4D246400D37FFC /* ViewController.swift */ = {isa = PBXFileReference; lastKnownFileType = sourcecode.swift; path = ViewController.swift; sourceTree = "<group>"; };
		E0E88C511A4D246400D37FFC /* Base */ = {isa = PBXFileReference; lastKnownFileType = file.storyboard; name = Base; path = Base.lproj/Main.storyboard; sourceTree = "<group>"; };
		E0E88C531A4D246400D37FFC /* Images.xcassets */ = {isa = PBXFileReference; lastKnownFileType = folder.assetcatalog; path = Images.xcassets; sourceTree = "<group>"; };
		E0E88C561A4D246400D37FFC /* Base */ = {isa = PBXFileReference; lastKnownFileType = file.xib; name = Base; path = Base.lproj/LaunchScreen.xib; sourceTree = "<group>"; };
		E0E88C5C1A4D246400D37FFC /* FirstAppTests.xctest */ = {isa = PBXFileReference; explicitFileType = wrapper.cfbundle; includeInIndex = 0; path = FirstAppTests.xctest; sourceTree = BUILT_PRODUCTS_DIR; };
		E0E88C611A4D246400D37FFC /* Info.plist */ = {isa = PBXFileReference; lastKnownFileType = text.plist.xml; path = Info.plist; sourceTree = "<group>"; };
		E0E88C621A4D246400D37FFC /* FirstAppTests.swift */ = {isa = PBXFileReference; lastKnownFileType = sourcecode.swift; path = FirstAppTests.swift; sourceTree = "<group>"; };
/* End PBXFileReference section */

/* Begin PBXFrameworksBuildPhase section */
		E0E88C441A4D246400D37FFC /* Frameworks */ = {
			isa = PBXFrameworksBuildPhase;
			buildActionMask = 2147483647;
			files = (
			);
			runOnlyForDeploymentPostprocessing = 0;
		};
		E0E88C591A4D246400D37FFC /* Frameworks */ = {
			isa = PBXFrameworksBuildPhase;
			buildActionMask = 2147483647;
			files = (
			);
			runOnlyForDeploymentPostprocessing = 0;
		};
/* End PBXFrameworksBuildPhase section */

/* Begin PBXGroup section */
		E0E88C3E1A4D246400D37FFC = {
			isa = PBXGroup;
			children = (
				E0E88C491A4D246400D37FFC /* FirstApp */,
				E0E88C5F1A4D246400D37FFC /* FirstAppTests */,
				E0E88C481A4D246400D37FFC /* Products */,
			);
			sourceTree = "<group>";
		};
		E0E88C481A4D246400D37FFC /* Products */ = {
			isa = PBXGroup;
			children = (
				E0E88C471A4D246400D37FFC /* FirstApp.app */,
				E0E88C5C1A4D246400D37FFC /* FirstAppTests.xctest */,
			);
			name = Products;
			sourceTree = "<group>";
		};
		E0E88C491A4D246400D37FFC /* FirstApp */ = {
			isa = PBXGroup;
			children = (
				E0E88C4C1A4D246400D37FFC /* AppDelegate.swift */,
				E0E88C4E1A4D246400D37FFC /* ViewController.swift */,
				E0E88C501A4D246400D37FFC /* Main.storyboard */,
				E0E88C531A4D246400D37FFC /* Images.xcassets */,
				E0E88C551A4D246400D37FFC /* LaunchScreen.xib */,
				E0E88C4A1A4D246400D37FFC /* Supporting Files */,
			);
			path = FirstApp;
			sourceTree = "<group>";
		};
		E0E88C4A1A4D246400D37FFC /* Supporting Files */ = {
			isa = PBXGroup;
			children = (
				E0E88C4B1A4D246400D37FFC /* Info.plist */,
			);
			name = "Supporting Files";
			sourceTree = "<group>";
		};
		E0E88C5F1A4D246400D37FFC /* FirstAppTests */ = {
			isa = PBXGroup;
			children = (
				E0E88C621A4D246400D37FFC /* FirstAppTests.swift */,
				E0E88C601A4D246400D37FFC /* Supporting Files */,
			);
			path = FirstAppTests;
			sourceTree = "<group>";
		};
		E0E88C601A4D246400D37FFC /* Supporting Files */ = {
			isa = PBXGroup;
			children = (
				E0E88C611A4D246400D37FFC /* Info.plist */,
			);
			name = "Supporting Files";
			sourceTree = "<group>";
		};
/* End PBXGroup section */

/* Begin PBXNativeTarget section */
		E0E88C461A4D246400D37FFC /* FirstApp */ = {
			isa = PBXNativeTarget;
			buildConfigurationList = E0E88C661A4D246400D37FFC /* Build configuration list for PBXNativeTarget "FirstApp" */;
			buildPhases = (
				E0E88C431A4D246400D37FFC /* Sources */,
				E0E88C441A4D246400D37FFC /* Frameworks */,
				E0E88C451A4D246400D37FFC /* Resources */,
			);
			buildRules = (
			);
			dependencies = (
			);
			name = FirstApp;
			productName = FirstApp;
			productReference = E0E88C471A4D246400D37FFC /* FirstApp.app */;
			productType = "com.apple.product-type.application";
		};
		E0E88C5B1A4D246400D37FFC /* FirstAppTests */ = {
			isa = PBXNativeTarget;
			buildConfigurationList = E0E88C691A4D246400D37FFC /* Build configuration list for PBXNativeTarget "FirstAppTests" */;
			buildPhases = (
				E0E88C581A4D246400D37FFC /* Sources */,
				E0E88C591A4D246400D37FFC /* Frameworks */,
				E0E88C5A1A4D246400D37FFC /* Resources */,
			);
			buildRules = (
			);
			dependencies = (
				E0E88C5E1A4D246400D37FFC /* PBXTargetDependency */,
			);
			name = FirstAppTests;
			productName = FirstAppTests;
			productReference = E0E88C5C1A4D246400D37FFC /* FirstAppTests.xctest */;
			productType = "com.apple.product-type.bundle.unit-test";
		};
/* End PBXNativeTarget section */

/* Begin PBXProject section */
		E0E88C3F1A4D246400D37FFC /* Project object */ = {
			isa = PBXProject;
			attributes = {
				LastUpgradeCheck = 0610;
				ORGANIZATIONNAME = "Sherif Sarhan";
				TargetAttributes = {
					E0E88C461A4D246400D37FFC = {
						CreatedOnToolsVersion = 6.1;
					};
					E0E88C5B1A4D246400D37FFC = {
						CreatedOnToolsVersion = 6.1;
						TestTargetID = E0E88C461A4D246400D37FFC;
					};
				};
			};
			buildConfigurationList = E0E88C421A4D246400D37FFC /* Build configuration list for PBXProject "FirstApp" */;
			compatibilityVersion = "Xcode 3.2";
			developmentRegion = English;
			hasScannedForEncodings = 0;
			knownRegions = (
				en,
				Base,
			);
			mainGroup = E0E88C3E1A4D246400D37FFC;
			productRefGroup = E0E88C481A4D246400D37FFC /* Products */;
			projectDirPath = "";
			projectRoot = "";
			targets = (
				E0E88C461A4D246400D37FFC /* FirstApp */,
				E0E88C5B1A4D246400D37FFC /* FirstAppTests */,
			);
		};
/* End PBXProject section */

/* Begin PBXResourcesBuildPhase section */
		E0E88C451A4D246400D37FFC /* Resources */ = {
			isa = PBXResourcesBuildPhase;
			buildActionMask = 2147483647;
			files = (
				E0E88C521A4D246400D37FFC /* Main.storyboard in Resources */,
				E0E88C571A4D246400D37FFC /* LaunchScreen.xib in Resources */,
				E0E88C541A4D246400D37FFC /* Images.xcassets in Resources */,
			);
			runOnlyForDeploymentPostprocessing = 0;
		};
		E0E88C5A1A4D246400D37FFC /* Resources */ = {
			isa = PBXResourcesBuildPhase;
			buildActionMask = 2147483647;
			files = (
			);
			runOnlyForDeploymentPostprocessing = 0;
		};
/* End PBXResourcesBuildPhase section */

/* Begin PBXSourcesBuildPhase section */
		E0E88C431A4D246400D37FFC /* Sources */ = {
			isa = PBXSourcesBuildPhase;
			buildActionMask = 2147483647;
			files = (
				E0E88C4F1A4D246400D37FFC /* ViewController.swift in Sources */,
				E0E88C4D1A4D246400D37FFC /* AppDelegate.swift in Sources */,
			);
			runOnlyForDeploymentPostprocessing = 0;
		};
		E0E88C581A4D246400D37FFC /* Sources */ = {
			isa = PBXSourcesBuildPhase;
			buildActionMask = 2147483647;
			files = (
				E0E88C631A4D246400D37FFC /* FirstAppTests.swift in Sources */,
			);
			runOnlyForDeploymentPostprocessing = 0;
		};
/* End PBXSourcesBuildPhase section */

/* Begin PBXTargetDependency section */
		E0E88C5E1A4D246400D37FFC /* PBXTargetDependency */ = {
			isa = PBXTargetDependency;
			target = E0E88C461A4D246400D37FFC /* FirstApp */;
			targetProxy = E0E88C5D1A4D246400D37FFC /* PBXContainerItemProxy */;
		};
/* End PBXTargetDependency section */

/* Begin PBXVariantGroup section */
		E0E88C501A4D246400D37FFC /* Main.storyboard */ = {
			isa = PBXVariantGroup;
			children = (
				E0E88C511A4D246400D37FFC /* Base */,
			);
			name = Main.storyboard;
			sourceTree = "<group>";
		};
		E0E88C551A4D246400D37FFC /* LaunchScreen.xib */ = {
			isa = PBXVariantGroup;
			children = (
				E0E88C561A4D246400D37FFC /* Base */,
			);
			name = LaunchScreen.xib;
			sourceTree = "<group>";
		};
/* End PBXVariantGroup section */

/* Begin XCBuildConfiguration section */
		E0E88C641A4D246400D37FFC /* Debug */ = {
			isa = XCBuildConfiguration;
			buildSettings = {
				ALWAYS_SEARCH_USER_PATHS = NO;
				CLANG_CXX_LANGUAGE_STANDARD = "gnu++0x";
				CLANG_CXX_LIBRARY = "libc++";
				CLANG_ENABLE_MODULES = YES;
				CLANG_ENABLE_OBJC_ARC = YES;
				CLANG_WARN_BOOL_CONVERSION = YES;
				CLANG_WARN_CONSTANT_CONVERSION = YES;
				CLANG_WARN_DIRECT_OBJC_ISA_USAGE = YES_ERROR;
				CLANG_WARN_EMPTY_BODY = YES;
				CLANG_WARN_ENUM_CONVERSION = YES;
				CLANG_WARN_INT_CONVERSION = YES;
				CLANG_WARN_OBJC_ROOT_CLASS = YES_ERROR;
				CLANG_WARN_UNREACHABLE_CODE = YES;
				CLANG_WARN__DUPLICATE_METHOD_MATCH = YES;
				"CODE_SIGN_IDENTITY[sdk=iphoneos*]" = "iPhone Developer";
				COPY_PHASE_STRIP = NO;
				ENABLE_STRICT_OBJC_MSGSEND = YES;
				GCC_C_LANGUAGE_STANDARD = gnu99;
				GCC_DYNAMIC_NO_PIC = NO;
				GCC_OPTIMIZATION_LEVEL = 0;
				GCC_PREPROCESSOR_DEFINITIONS = (
					"DEBUG=1",
					"$(inherited)",
				);
				GCC_SYMBOLS_PRIVATE_EXTERN = NO;
				GCC_WARN_64_TO_32_BIT_CONVERSION = YES;
				GCC_WARN_ABOUT_RETURN_TYPE = YES_ERROR;
				GCC_WARN_UNDECLARED_SELECTOR = YES;
				GCC_WARN_UNINITIALIZED_AUTOS = YES_AGGRESSIVE;
				GCC_WARN_UNUSED_FUNCTION = YES;
				GCC_WARN_UNUSED_VARIABLE = YES;
				IPHONEOS_DEPLOYMENT_TARGET = 8.1;
				MTL_ENABLE_DEBUG_INFO = YES;
				ONLY_ACTIVE_ARCH = YES;
				SDKROOT = iphoneos;
				SWIFT_OPTIMIZATION_LEVEL = "-Onone";
				TARGETED_DEVICE_FAMILY = "1,2";
			};
			name = Debug;
		};
		E0E88C651A4D246400D37FFC /* Release */ = {
			isa = XCBuildConfiguration;
			buildSettings = {
				ALWAYS_SEARCH_USER_PATHS = NO;
				CLANG_CXX_LANGUAGE_STANDARD = "gnu++0x";
				CLANG_CXX_LIBRARY = "libc++";
				CLANG_ENABLE_MODULES = YES;
				CLANG_ENABLE_OBJC_ARC = YES;
				CLANG_WARN_BOOL_CONVERSION = YES;
				CLANG_WARN_CONSTANT_CONVERSION = YES;
				CLANG_WARN_DIRECT_OBJC_ISA_USAGE = YES_ERROR;
				CLANG_WARN_EMPTY_BODY = YES;
				CLANG_WARN_ENUM_CONVERSION = YES;
				CLANG_WARN_INT_CONVERSION = YES;
				CLANG_WARN_OBJC_ROOT_CLASS = YES_ERROR;
				CLANG_WARN_UNREACHABLE_CODE = YES;
				CLANG_WARN__DUPLICATE_METHOD_MATCH = YES;
				"CODE_SIGN_IDENTITY[sdk=iphoneos*]" = "iPhone Developer";
				COPY_PHASE_STRIP = YES;
				ENABLE_NS_ASSERTIONS = NO;
				ENABLE_STRICT_OBJC_MSGSEND = YES;
				GCC_C_LANGUAGE_STANDARD = gnu99;
				GCC_WARN_64_TO_32_BIT_CONVERSION = YES;
				GCC_WARN_ABOUT_RETURN_TYPE = YES_ERROR;
				GCC_WARN_UNDECLARED_SELECTOR = YES;
				GCC_WARN_UNINITIALIZED_AUTOS = YES_AGGRESSIVE;
				GCC_WARN_UNUSED_FUNCTION = YES;
				GCC_WARN_UNUSED_VARIABLE = YES;
				IPHONEOS_DEPLOYMENT_TARGET = 8.1;
				MTL_ENABLE_DEBUG_INFO = NO;
				SDKROOT = iphoneos;
				TARGETED_DEVICE_FAMILY = "1,2";
				VALIDATE_PRODUCT = YES;
			};
			name = Release;
		};
		E0E88C671A4D246400D37FFC /* Debug */ = {
			isa = XCBuildConfiguration;
			buildSettings = {
				ASSETCATALOG_COMPILER_APPICON_NAME = AppIcon;
				INFOPLIST_FILE = FirstApp/Info.plist;
				LD_RUNPATH_SEARCH_PATHS = "$(inherited) @executable_path/Frameworks";
				PRODUCT_NAME = "$(TARGET_NAME)";
			};
			name = Debug;
		};
		E0E88C681A4D246400D37FFC /* Release */ = {
			isa = XCBuildConfiguration;
			buildSettings = {
				ASSETCATALOG_COMPILER_APPICON_NAME = AppIcon;
				INFOPLIST_FILE = FirstApp/Info.plist;
				LD_RUNPATH_SEARCH_PATHS = "$(inherited) @executable_path/Frameworks";
				PRODUCT_NAME = "$(TARGET_NAME)";
			};
			name = Release;
		};
		E0E88C6A1A4D246400D37FFC /* Debug */ = {
			isa = XCBuildConfiguration;
			buildSettings = {
				BUNDLE_LOADER = "$(TEST_HOST)";
				FRAMEWORK_SEARCH_PATHS = (
					"$(SDKROOT)/Developer/Library/Frameworks",
					"$(inherited)",
				);
				GCC_PREPROCESSOR_DEFINITIONS = (
					"DEBUG=1",
					"$(inherited)",
				);
				INFOPLIST_FILE = FirstAppTests/Info.plist;
				LD_RUNPATH_SEARCH_PATHS = "$(inherited) @executable_path/Frameworks @loader_path/Frameworks";
				PRODUCT_NAME = "$(TARGET_NAME)";
				TEST_HOST = "$(BUILT_PRODUCTS_DIR)/FirstApp.app/FirstApp";
			};
			name = Debug;
		};
		E0E88C6B1A4D246400D37FFC /* Release */ = {
			isa = XCBuildConfiguration;
			buildSettings = {
				BUNDLE_LOADER = "$(TEST_HOST)";
				FRAMEWORK_SEARCH_PATHS = (
					"$(SDKROOT)/Developer/Library/Frameworks",
					"$(inherited)",
				);
				INFOPLIST_FILE = FirstAppTests/Info.plist;
				LD_RUNPATH_SEARCH_PATHS = "$(inherited) @executable_path/Frameworks @loader_path/Frameworks";
				PRODUCT_NAME = "$(TARGET_NAME)";
				TEST_HOST = "$(BUILT_PRODUCTS_DIR)/FirstApp.app/FirstApp";
			};
			name = Release;
		};
/* End XCBuildConfiguration section */

/* Begin XCConfigurationList section */
		E0E88C421A4D246400D37FFC /* Build configuration list for PBXProject "FirstApp" */ = {
			isa = XCConfigurationList;
			buildConfigurations = (
				E0E88C641A4D246400D37FFC /* Debug */,
				E0E88C651A4D246400D37FFC /* Release */,
			);
			defaultConfigurationIsVisible = 0;
			defaultConfigurationName = Release;
		};
		E0E88C661A4D246400D37FFC /* Build configuration list for PBXNativeTarget "FirstApp" */ = {
			isa = XCConfigurationList;
			buildConfigurations = (
				E0E88C671A4D246400D37FFC /* Debug */,
				E0E88C681A4D246400D37FFC /* Release */,
			);
			defaultConfigurationIsVisible = 0;
		};
		E0E88C691A4D246400D37FFC /* Build configuration list for PBXNativeTarget "FirstAppTests" */ = {
			isa = XCConfigurationList;
			buildConfigurations = (
				E0E88C6A1A4D246400D37FFC /* Debug */,
				E0E88C6B1A4D246400D37FFC /* Release */,
			);
			defaultConfigurationIsVisible = 0;
		};
/* End XCConfigurationList section */
	};
	rootObject = E0E88C3F1A4D246400D37FFC /* Project object */;
}
